github.com/J-Siu/go-helper v1.0.0 h1:/U33udVagh6ThL6v8pW+Vjyk1Ttpq7GWKbPA/0Fsiy4=
github.com/J-Siu/go-helper v1.0.0/go.mod h1:mAVy/565qS6DuPlTUrVT2w/OyACpN8y9CVI96o9MO4A=
golang.org/x/crypto v0.0.0-20220507011949-2cf3adece122 h1:NvGWuYG8dkDHFSKksI1P9faiVJ9rayE6l0+ouWVIDs8=
golang.org/x/crypto v0.0.0-20220507011949-2cf3adece122/go.mod h1:IxCIyHEi3zRg3s0A5j5BB6A9Jmi73HwBIUl50j+osU4=
golang.org/x/sys v0.0.0-20220503163025-988cb79eb6c6 h1:nonptSpoQ4vQjyraW20DXPAglgQfVnM9ZC6MmNLMR60=
golang.org/x/sys v0.0.0-20220503163025-988cb79eb6c6/go.mod h1:oPkhp1MJrh7nUepCBck5+mAzfO9JrbApNNgaTdGDITg=
